
Microsoft Visual Studio Solution File, Format Version 12.00
# Visual Studio Version 17
VisualStudioVersion = 17.4.33103.184
MinimumVisualStudioVersion = 10.0.40219.1
Project("{888888A0-9F3D-457C-B088-3A5042F75D52}") = "lab9", "lab9.pyproj", "{BBB27FFB-9BE7-4949-8CBE-6771B089B5BB}"
EndProject
Global
	GlobalSection(SolutionConfigurationPlatforms) = preSolution
		Debug|Any CPU = Debug|Any CPU
		Release|Any CPU = Release|Any CPU
	EndGlobalSection
	GlobalSection(ProjectConfigurationPlatforms) = postSolution
		{BBB27FFB-9BE7-4949-8CBE-6771B089B5BB}.Debug|Any CPU.ActiveCfg = Debug|Any CPU
		{BBB27FFB-9BE7-4949-8CBE-6771B089B5BB}.Release|Any CPU.ActiveCfg = Release|Any CPU
	EndGlobalSection
	GlobalSection(SolutionProperties) = preSolution
		HideSolutionNode = FALSE
	EndGlobalSection
	GlobalSection(ExtensibilityGlobals) = postSolution
		SolutionGuid = {E2068447-9762-4E89-A80A-C0C765DC5CFB}
	EndGlobalSection
EndGlobal
