
Microsoft Visual Studio Solution File, Format Version 12.00
# Visual Studio Version 17
VisualStudioVersion = 17.4.33103.184
MinimumVisualStudioVersion = 10.0.40219.1
Project("{888888A0-9F3D-457C-B088-3A5042F75D52}") = "wejsciwoka", "wejsciwoka.pyproj", "{39CCD97E-B9C9-4FD5-904B-8CDC489F2869}"
EndProject
Global
	GlobalSection(SolutionConfigurationPlatforms) = preSolution
		Debug|Any CPU = Debug|Any CPU
		Release|Any CPU = Release|Any CPU
	EndGlobalSection
	GlobalSection(ProjectConfigurationPlatforms) = postSolution
		{39CCD97E-B9C9-4FD5-904B-8CDC489F2869}.Debug|Any CPU.ActiveCfg = Debug|Any CPU
		{39CCD97E-B9C9-4FD5-904B-8CDC489F2869}.Release|Any CPU.ActiveCfg = Release|Any CPU
	EndGlobalSection
	GlobalSection(SolutionProperties) = preSolution
		HideSolutionNode = FALSE
	EndGlobalSection
	GlobalSection(ExtensibilityGlobals) = postSolution
		SolutionGuid = {0F4966AF-B94D-41C1-A92E-06EBAF9BC8C4}
	EndGlobalSection
EndGlobal
